# generated by rye
# use `rye lock` or `rye sync` to update this lockfile
#
# last locked with the following flags:
#   pre: false
#   features: []
#   all-features: false
#   with-sources: false
#   generate-hashes: false
#   universal: false

-e file:.
duckdb==1.1.0
    # via alt-learn
iniconfig==2.0.0
    # via pytest
joblib==1.4.2
    # via scikit-learn
numpy==2.1.1
    # via pandas
    # via scikit-learn
    # via scipy
packaging==24.1
    # via pytest
pandas==2.2.3
    # via alt-learn
pluggy==1.5.0
    # via pytest
polars==1.7.1
    # via alt-learn
pytest==8.3.3
python-dateutil==2.9.0.post0
    # via pandas
pytz==2024.2
    # via pandas
scikit-learn==1.5.2
    # via alt-learn
scipy==1.14.1
    # via scikit-learn
six==1.16.0
    # via python-dateutil
threadpoolctl==3.5.0
    # via scikit-learn
tzdata==2024.1
    # via pandas
